
Microsoft Visual Studio Solution File, Format Version 12.00
# Visual Studio Version 16
VisualStudioVersion = 16.0.810.10
MinimumVisualStudioVersion = 10.0.40219.1
Project("{FAE04EC0-301F-11D3-BF4B-00C04F79EFBC}") = "Blog", "Blog\Blog.csproj", "{1E6BE14D-82AA-4E0F-9C8E-44602E5D24BF}"
EndProject
Project("{FAE04EC0-301F-11D3-BF4B-00C04F79EFBC}") = "BlogRepo", "BlogRepo\BlogRepo.csproj", "{F54AA42B-6FE2-4B79-B4F0-0B71866CB431}"
EndProject
Global
	GlobalSection(SolutionConfigurationPlatforms) = preSolution
		Debug|Any CPU = Debug|Any CPU
		Release|Any CPU = Release|Any CPU
	EndGlobalSection
	GlobalSection(ProjectConfigurationPlatforms) = postSolution
		{1E6BE14D-82AA-4E0F-9C8E-44602E5D24BF}.Debug|Any CPU.ActiveCfg = Debug|Any CPU
		{1E6BE14D-82AA-4E0F-9C8E-44602E5D24BF}.Debug|Any CPU.Build.0 = Debug|Any CPU
		{1E6BE14D-82AA-4E0F-9C8E-44602E5D24BF}.Release|Any CPU.ActiveCfg = Release|Any CPU
		{1E6BE14D-82AA-4E0F-9C8E-44602E5D24BF}.Release|Any CPU.Build.0 = Release|Any CPU
		{F54AA42B-6FE2-4B79-B4F0-0B71866CB431}.Debug|Any CPU.ActiveCfg = Debug|Any CPU
		{F54AA42B-6FE2-4B79-B4F0-0B71866CB431}.Debug|Any CPU.Build.0 = Debug|Any CPU
		{F54AA42B-6FE2-4B79-B4F0-0B71866CB431}.Release|Any CPU.ActiveCfg = Release|Any CPU
		{F54AA42B-6FE2-4B79-B4F0-0B71866CB431}.Release|Any CPU.Build.0 = Release|Any CPU
	EndGlobalSection
	GlobalSection(SolutionProperties) = preSolution
		HideSolutionNode = FALSE
	EndGlobalSection
	GlobalSection(ExtensibilityGlobals) = postSolution
		SolutionGuid = {30AC8822-5865-43CF-AF13-93BEDB5509C3}
	EndGlobalSection
EndGlobal
